// !$*UTF8*$!
{
	archiveVersion = 1;
	classes = {
	};
	objectVersion = 55;
	objects = {

/* Begin PBXBuildFile section */
		6A77ACB660D69D516F99BEFB /* Pods_UserAppdemo.framework in Frameworks */ = {isa = PBXBuildFile; fileRef = 0C1B8606F5DB8CBB55E0131F /* Pods_UserAppdemo.framework */; };
		7966DA7D294CAC79004DA0D3 /* AppDelegate.swift in Sources */ = {isa = PBXBuildFile; fileRef = 7966DA7C294CAC79004DA0D3 /* AppDelegate.swift */; };
		7966DA7F294CAC79004DA0D3 /* SceneDelegate.swift in Sources */ = {isa = PBXBuildFile; fileRef = 7966DA7E294CAC79004DA0D3 /* SceneDelegate.swift */; };
		7966DA81294CAC79004DA0D3 /* UserListViewController.swift in Sources */ = {isa = PBXBuildFile; fileRef = 7966DA80294CAC79004DA0D3 /* UserListViewController.swift */; };
		7966DA84294CAC79004DA0D3 /* Main.storyboard in Resources */ = {isa = PBXBuildFile; fileRef = 7966DA82294CAC79004DA0D3 /* Main.storyboard */; };
		7966DA87294CAC79004DA0D3 /* UserAppdemo.xcdatamodeld in Sources */ = {isa = PBXBuildFile; fileRef = 7966DA85294CAC79004DA0D3 /* UserAppdemo.xcdatamodeld */; };
		7966DA89294CAC7A004DA0D3 /* Assets.xcassets in Resources */ = {isa = PBXBuildFile; fileRef = 7966DA88294CAC7A004DA0D3 /* Assets.xcassets */; };
		7966DA8C294CAC7A004DA0D3 /* LaunchScreen.storyboard in Resources */ = {isa = PBXBuildFile; fileRef = 7966DA8A294CAC7A004DA0D3 /* LaunchScreen.storyboard */; };
		7966DA98294CB0C9004DA0D3 /* UserListTableViewCell.swift in Sources */ = {isa = PBXBuildFile; fileRef = 7966DA96294CB0C9004DA0D3 /* UserListTableViewCell.swift */; };
		7966DA99294CB0CA004DA0D3 /* UserListTableViewCell.xib in Resources */ = {isa = PBXBuildFile; fileRef = 7966DA97294CB0C9004DA0D3 /* UserListTableViewCell.xib */; };
		7966DA9C294CB392004DA0D3 /* UserDetailTableViewCell.swift in Sources */ = {isa = PBXBuildFile; fileRef = 7966DA9A294CB392004DA0D3 /* UserDetailTableViewCell.swift */; };
		7966DA9D294CB392004DA0D3 /* UserDetailTableViewCell.xib in Resources */ = {isa = PBXBuildFile; fileRef = 7966DA9B294CB392004DA0D3 /* UserDetailTableViewCell.xib */; };
		7966DAA0294CB51A004DA0D3 /* UserProfilePicTableViewCell.swift in Sources */ = {isa = PBXBuildFile; fileRef = 7966DA9E294CB51A004DA0D3 /* UserProfilePicTableViewCell.swift */; };
		7966DAA1294CB51A004DA0D3 /* UserProfilePicTableViewCell.xib in Resources */ = {isa = PBXBuildFile; fileRef = 7966DA9F294CB51A004DA0D3 /* UserProfilePicTableViewCell.xib */; };
		7966DAA4294CBA14004DA0D3 /* UserRequestModel.swift in Sources */ = {isa = PBXBuildFile; fileRef = 7966DAA3294CBA14004DA0D3 /* UserRequestModel.swift */; };
		7966DAA6294CBADB004DA0D3 /* UserModel.swift in Sources */ = {isa = PBXBuildFile; fileRef = 7966DAA5294CBADB004DA0D3 /* UserModel.swift */; };
		7966DAA8294CBFC6004DA0D3 /* Constants.swift in Sources */ = {isa = PBXBuildFile; fileRef = 7966DAA7294CBFC6004DA0D3 /* Constants.swift */; };
		7966DAAB294CC11B004DA0D3 /* CoreDataManager.swift in Sources */ = {isa = PBXBuildFile; fileRef = 7966DAAA294CC11B004DA0D3 /* CoreDataManager.swift */; };
		7966DAAD294CC2EF004DA0D3 /* ViewModel.swift in Sources */ = {isa = PBXBuildFile; fileRef = 7966DAAC294CC2EF004DA0D3 /* ViewModel.swift */; };
		7966DAAF294CC30A004DA0D3 /* UserDetailViewModel.swift in Sources */ = {isa = PBXBuildFile; fileRef = 7966DAAE294CC30A004DA0D3 /* UserDetailViewModel.swift */; };
		7966DAB3294CC38B004DA0D3 /* NetworkManager.swift in Sources */ = {isa = PBXBuildFile; fileRef = 7966DAB2294CC38B004DA0D3 /* NetworkManager.swift */; };
		7966DAB5294CC3A0004DA0D3 /* HTTPRouter.swift in Sources */ = {isa = PBXBuildFile; fileRef = 7966DAB4294CC3A0004DA0D3 /* HTTPRouter.swift */; };
		7966DAB8294CC3C1004DA0D3 /* UIView+Extension.swift in Sources */ = {isa = PBXBuildFile; fileRef = 7966DAB7294CC3C1004DA0D3 /* UIView+Extension.swift */; };
		7966DABA294CC3F2004DA0D3 /* UserDetailViewController.swift in Sources */ = {isa = PBXBuildFile; fileRef = 7966DAB9294CC3F2004DA0D3 /* UserDetailViewController.swift */; };
/* End PBXBuildFile section */

/* Begin PBXFileReference section */
		0C1B8606F5DB8CBB55E0131F /* Pods_UserAppdemo.framework */ = {isa = PBXFileReference; explicitFileType = wrapper.framework; includeInIndex = 0; path = Pods_UserAppdemo.framework; sourceTree = BUILT_PRODUCTS_DIR; };
		7966DA79294CAC79004DA0D3 /* UserAppdemo.app */ = {isa = PBXFileReference; explicitFileType = wrapper.application; includeInIndex = 0; path = UserAppdemo.app; sourceTree = BUILT_PRODUCTS_DIR; };
		7966DA7C294CAC79004DA0D3 /* AppDelegate.swift */ = {isa = PBXFileReference; lastKnownFileType = sourcecode.swift; path = AppDelegate.swift; sourceTree = "<group>"; };
		7966DA7E294CAC79004DA0D3 /* SceneDelegate.swift */ = {isa = PBXFileReference; lastKnownFileType = sourcecode.swift; path = SceneDelegate.swift; sourceTree = "<group>"; };
		7966DA80294CAC79004DA0D3 /* UserListViewController.swift */ = {isa = PBXFileReference; lastKnownFileType = sourcecode.swift; path = UserListViewController.swift; sourceTree = "<group>"; };
		7966DA83294CAC79004DA0D3 /* Base */ = {isa = PBXFileReference; lastKnownFileType = file.storyboard; name = Base; path = Base.lproj/Main.storyboard; sourceTree = "<group>"; };
		7966DA86294CAC79004DA0D3 /* UserAppdemo.xcdatamodel */ = {isa = PBXFileReference; lastKnownFileType = wrapper.xcdatamodel; path = UserAppdemo.xcdatamodel; sourceTree = "<group>"; };
		7966DA88294CAC7A004DA0D3 /* Assets.xcassets */ = {isa = PBXFileReference; lastKnownFileType = folder.assetcatalog; path = Assets.xcassets; sourceTree = "<group>"; };
		7966DA8B294CAC7A004DA0D3 /* Base */ = {isa = PBXFileReference; lastKnownFileType = file.storyboard; name = Base; path = Base.lproj/LaunchScreen.storyboard; sourceTree = "<group>"; };
		7966DA8D294CAC7A004DA0D3 /* Info.plist */ = {isa = PBXFileReference; lastKnownFileType = text.plist.xml; path = Info.plist; sourceTree = "<group>"; };
		7966DA96294CB0C9004DA0D3 /* UserListTableViewCell.swift */ = {isa = PBXFileReference; lastKnownFileType = sourcecode.swift; path = UserListTableViewCell.swift; sourceTree = "<group>"; };
		7966DA97294CB0C9004DA0D3 /* UserListTableViewCell.xib */ = {isa = PBXFileReference; lastKnownFileType = file.xib; path = UserListTableViewCell.xib; sourceTree = "<group>"; };
		7966DA9A294CB392004DA0D3 /* UserDetailTableViewCell.swift */ = {isa = PBXFileReference; lastKnownFileType = sourcecode.swift; path = UserDetailTableViewCell.swift; sourceTree = "<group>"; };
		7966DA9B294CB392004DA0D3 /* UserDetailTableViewCell.xib */ = {isa = PBXFileReference; lastKnownFileType = file.xib; path = UserDetailTableViewCell.xib; sourceTree = "<group>"; };
		7966DA9E294CB51A004DA0D3 /* UserProfilePicTableViewCell.swift */ = {isa = PBXFileReference; lastKnownFileType = sourcecode.swift; path = UserProfilePicTableViewCell.swift; sourceTree = "<group>"; };
		7966DA9F294CB51A004DA0D3 /* UserProfilePicTableViewCell.xib */ = {isa = PBXFileReference; lastKnownFileType = file.xib; path = UserProfilePicTableViewCell.xib; sourceTree = "<group>"; };
		7966DAA3294CBA14004DA0D3 /* UserRequestModel.swift */ = {isa = PBXFileReference; lastKnownFileType = sourcecode.swift; path = UserRequestModel.swift; sourceTree = "<group>"; };
		7966DAA5294CBADB004DA0D3 /* UserModel.swift */ = {isa = PBXFileReference; lastKnownFileType = sourcecode.swift; path = UserModel.swift; sourceTree = "<group>"; };
		7966DAA7294CBFC6004DA0D3 /* Constants.swift */ = {isa = PBXFileReference; lastKnownFileType = sourcecode.swift; path = Constants.swift; sourceTree = "<group>"; };
		7966DAAA294CC11B004DA0D3 /* CoreDataManager.swift */ = {isa = PBXFileReference; lastKnownFileType = sourcecode.swift; path = CoreDataManager.swift; sourceTree = "<group>"; };
		7966DAAC294CC2EF004DA0D3 /* ViewModel.swift */ = {isa = PBXFileReference; lastKnownFileType = sourcecode.swift; path = ViewModel.swift; sourceTree = "<group>"; };
		7966DAAE294CC30A004DA0D3 /* UserDetailViewModel.swift */ = {isa = PBXFileReference; lastKnownFileType = sourcecode.swift; path = UserDetailViewModel.swift; sourceTree = "<group>"; };
		7966DAB2294CC38B004DA0D3 /* NetworkManager.swift */ = {isa = PBXFileReference; lastKnownFileType = sourcecode.swift; path = NetworkManager.swift; sourceTree = "<group>"; };
		7966DAB4294CC3A0004DA0D3 /* HTTPRouter.swift */ = {isa = PBXFileReference; lastKnownFileType = sourcecode.swift; path = HTTPRouter.swift; sourceTree = "<group>"; };
		7966DAB7294CC3C1004DA0D3 /* UIView+Extension.swift */ = {isa = PBXFileReference; lastKnownFileType = sourcecode.swift; path = "UIView+Extension.swift"; sourceTree = "<group>"; };
		7966DAB9294CC3F2004DA0D3 /* UserDetailViewController.swift */ = {isa = PBXFileReference; lastKnownFileType = sourcecode.swift; path = UserDetailViewController.swift; sourceTree = "<group>"; };
		7B64FC4F785BBC8983247D90 /* Pods-UserAppdemo.debug.xcconfig */ = {isa = PBXFileReference; includeInIndex = 1; lastKnownFileType = text.xcconfig; name = "Pods-UserAppdemo.debug.xcconfig"; path = "Target Support Files/Pods-UserAppdemo/Pods-UserAppdemo.debug.xcconfig"; sourceTree = "<group>"; };
		9F07A13EB6AD7DCB626ED98B /* Pods-UserAppdemo.release.xcconfig */ = {isa = PBXFileReference; includeInIndex = 1; lastKnownFileType = text.xcconfig; name = "Pods-UserAppdemo.release.xcconfig"; path = "Target Support Files/Pods-UserAppdemo/Pods-UserAppdemo.release.xcconfig"; sourceTree = "<group>"; };
/* End PBXFileReference section */

/* Begin PBXFrameworksBuildPhase section */
		7966DA76294CAC79004DA0D3 /* Frameworks */ = {
			isa = PBXFrameworksBuildPhase;
			buildActionMask = 2147483647;
			files = (
				6A77ACB660D69D516F99BEFB /* Pods_UserAppdemo.framework in Frameworks */,
			);
			runOnlyForDeploymentPostprocessing = 0;
		};
/* End PBXFrameworksBuildPhase section */

/* Begin PBXGroup section */
		28F0B4C34C3DBB0A5639651F /* Frameworks */ = {
			isa = PBXGroup;
			children = (
				0C1B8606F5DB8CBB55E0131F /* Pods_UserAppdemo.framework */,
			);
			name = Frameworks;
			sourceTree = "<group>";
		};
		7966DA70294CAC78004DA0D3 = {
			isa = PBXGroup;
			children = (
				7966DA7B294CAC79004DA0D3 /* UserAppdemo */,
				7966DA7A294CAC79004DA0D3 /* Products */,
				C7A15A3A2CD9EA2B6D92D1C0 /* Pods */,
				28F0B4C34C3DBB0A5639651F /* Frameworks */,
			);
			sourceTree = "<group>";
		};
		7966DA7A294CAC79004DA0D3 /* Products */ = {
			isa = PBXGroup;
			children = (
				7966DA79294CAC79004DA0D3 /* UserAppdemo.app */,
			);
			name = Products;
			sourceTree = "<group>";
		};
		7966DA7B294CAC79004DA0D3 /* UserAppdemo */ = {
			isa = PBXGroup;
			children = (
				7966DA7C294CAC79004DA0D3 /* AppDelegate.swift */,
				7966DA7E294CAC79004DA0D3 /* SceneDelegate.swift */,
				7966DAA9294CC0FD004DA0D3 /* CoreDataManager */,
				7966DAB1294CC375004DA0D3 /* Network */,
				7966DAB0294CC321004DA0D3 /* ViewModel */,
				7966DAA2294CB9E6004DA0D3 /* Model */,
				7966DABB294CCA5D004DA0D3 /* Controller */,
				7966DA82294CAC79004DA0D3 /* Main.storyboard */,
				7966DA88294CAC7A004DA0D3 /* Assets.xcassets */,
				7966DA8A294CAC7A004DA0D3 /* LaunchScreen.storyboard */,
				7966DA8D294CAC7A004DA0D3 /* Info.plist */,
				7966DA85294CAC79004DA0D3 /* UserAppdemo.xcdatamodeld */,
			);
			path = UserAppdemo;
			sourceTree = "<group>";
		};
		7966DA95294CB08B004DA0D3 /* Cell */ = {
			isa = PBXGroup;
			children = (
				7966DAB6294CC3B3004DA0D3 /* Extension */,
				7966DA96294CB0C9004DA0D3 /* UserListTableViewCell.swift */,
				7966DA97294CB0C9004DA0D3 /* UserListTableViewCell.xib */,
				7966DA9A294CB392004DA0D3 /* UserDetailTableViewCell.swift */,
				7966DA9B294CB392004DA0D3 /* UserDetailTableViewCell.xib */,
				7966DA9E294CB51A004DA0D3 /* UserProfilePicTableViewCell.swift */,
				7966DA9F294CB51A004DA0D3 /* UserProfilePicTableViewCell.xib */,
			);
			path = Cell;
			sourceTree = "<group>";
		};
		7966DAA2294CB9E6004DA0D3 /* Model */ = {
			isa = PBXGroup;
			children = (
				7966DAA3294CBA14004DA0D3 /* UserRequestModel.swift */,
				7966DAA5294CBADB004DA0D3 /* UserModel.swift */,
				7966DAA7294CBFC6004DA0D3 /* Constants.swift */,
			);
			path = Model;
			sourceTree = "<group>";
		};
		7966DAA9294CC0FD004DA0D3 /* CoreDataManager */ = {
			isa = PBXGroup;
			children = (
				7966DAAA294CC11B004DA0D3 /* CoreDataManager.swift */,
			);
			path = CoreDataManager;
			sourceTree = "<group>";
		};
		7966DAB0294CC321004DA0D3 /* ViewModel */ = {
			isa = PBXGroup;
			children = (
				7966DAAC294CC2EF004DA0D3 /* ViewModel.swift */,
				7966DAAE294CC30A004DA0D3 /* UserDetailViewModel.swift */,
			);
			path = ViewModel;
			sourceTree = "<group>";
		};
		7966DAB1294CC375004DA0D3 /* Network */ = {
			isa = PBXGroup;
			children = (
				7966DAB2294CC38B004DA0D3 /* NetworkManager.swift */,
				7966DAB4294CC3A0004DA0D3 /* HTTPRouter.swift */,
			);
			path = Network;
			sourceTree = "<group>";
		};
		7966DAB6294CC3B3004DA0D3 /* Extension */ = {
			isa = PBXGroup;
			children = (
				7966DAB7294CC3C1004DA0D3 /* UIView+Extension.swift */,
			);
			path = Extension;
			sourceTree = "<group>";
		};
		7966DABB294CCA5D004DA0D3 /* Controller */ = {
			isa = PBXGroup;
			children = (
				7966DA95294CB08B004DA0D3 /* Cell */,
				7966DA80294CAC79004DA0D3 /* UserListViewController.swift */,
				7966DAB9294CC3F2004DA0D3 /* UserDetailViewController.swift */,
			);
			path = Controller;
			sourceTree = "<group>";
		};
		C7A15A3A2CD9EA2B6D92D1C0 /* Pods */ = {
			isa = PBXGroup;
			children = (
				7B64FC4F785BBC8983247D90 /* Pods-UserAppdemo.debug.xcconfig */,
				9F07A13EB6AD7DCB626ED98B /* Pods-UserAppdemo.release.xcconfig */,
			);
			path = Pods;
			sourceTree = "<group>";
		};
/* End PBXGroup section */

/* Begin PBXNativeTarget section */
		7966DA78294CAC79004DA0D3 /* UserAppdemo */ = {
			isa = PBXNativeTarget;
			buildConfigurationList = 7966DA90294CAC7A004DA0D3 /* Build configuration list for PBXNativeTarget "UserAppdemo" */;
			buildPhases = (
				3FC2E6700D75B8EDF99405EB /* [CP] Check Pods Manifest.lock */,
				7966DA75294CAC79004DA0D3 /* Sources */,
				7966DA76294CAC79004DA0D3 /* Frameworks */,
				7966DA77294CAC79004DA0D3 /* Resources */,
				173DB65DCDE46F8E94E67AC8 /* [CP] Embed Pods Frameworks */,
			);
			buildRules = (
			);
			dependencies = (
			);
			name = UserAppdemo;
			productName = UserAppdemo;
			productReference = 7966DA79294CAC79004DA0D3 /* UserAppdemo.app */;
			productType = "com.apple.product-type.application";
		};
/* End PBXNativeTarget section */

/* Begin PBXProject section */
		7966DA71294CAC78004DA0D3 /* Project object */ = {
			isa = PBXProject;
			attributes = {
				BuildIndependentTargetsInParallel = 1;
				LastSwiftUpdateCheck = 1300;
				LastUpgradeCheck = 1300;
				TargetAttributes = {
					7966DA78294CAC79004DA0D3 = {
						CreatedOnToolsVersion = 13.0;
					};
				};
			};
			buildConfigurationList = 7966DA74294CAC78004DA0D3 /* Build configuration list for PBXProject "UserAppdemo" */;
			compatibilityVersion = "Xcode 13.0";
			developmentRegion = en;
			hasScannedForEncodings = 0;
			knownRegions = (
				en,
				Base,
			);
			mainGroup = 7966DA70294CAC78004DA0D3;
			productRefGroup = 7966DA7A294CAC79004DA0D3 /* Products */;
			projectDirPath = "";
			projectRoot = "";
			targets = (
				7966DA78294CAC79004DA0D3 /* UserAppdemo */,
			);
		};
/* End PBXProject section */

/* Begin PBXResourcesBuildPhase section */
		7966DA77294CAC79004DA0D3 /* Resources */ = {
			isa = PBXResourcesBuildPhase;
			buildActionMask = 2147483647;
			files = (
				7966DA99294CB0CA004DA0D3 /* UserListTableViewCell.xib in Resources */,
				7966DAA1294CB51A004DA0D3 /* UserProfilePicTableViewCell.xib in Resources */,
				7966DA8C294CAC7A004DA0D3 /* LaunchScreen.storyboard in Resources */,
				7966DA89294CAC7A004DA0D3 /* Assets.xcassets in Resources */,
				7966DA9D294CB392004DA0D3 /* UserDetailTableViewCell.xib in Resources */,
				7966DA84294CAC79004DA0D3 /* Main.storyboard in Resources */,
			);
			runOnlyForDeploymentPostprocessing = 0;
		};
/* End PBXResourcesBuildPhase section */

/* Begin PBXShellScriptBuildPhase section */
		173DB65DCDE46F8E94E67AC8 /* [CP] Embed Pods Frameworks */ = {
			isa = PBXShellScriptBuildPhase;
			buildActionMask = 2147483647;
			files = (
			);
			inputFileListPaths = (
				"${PODS_ROOT}/Target Support Files/Pods-UserAppdemo/Pods-UserAppdemo-frameworks-${CONFIGURATION}-input-files.xcfilelist",
			);
			name = "[CP] Embed Pods Frameworks";
			outputFileListPaths = (
				"${PODS_ROOT}/Target Support Files/Pods-UserAppdemo/Pods-UserAppdemo-frameworks-${CONFIGURATION}-output-files.xcfilelist",
			);
			runOnlyForDeploymentPostprocessing = 0;
			shellPath = /bin/sh;
			shellScript = "\"${PODS_ROOT}/Target Support Files/Pods-UserAppdemo/Pods-UserAppdemo-frameworks.sh\"\n";
			showEnvVarsInLog = 0;
		};
		3FC2E6700D75B8EDF99405EB /* [CP] Check Pods Manifest.lock */ = {
			isa = PBXShellScriptBuildPhase;
			buildActionMask = 2147483647;
			files = (
			);
			inputFileListPaths = (
			);
			inputPaths = (
				"${PODS_PODFILE_DIR_PATH}/Podfile.lock",
				"${PODS_ROOT}/Manifest.lock",
			);
			name = "[CP] Check Pods Manifest.lock";
			outputFileListPaths = (
			);
			outputPaths = (
				"$(DERIVED_FILE_DIR)/Pods-UserAppdemo-checkManifestLockResult.txt",
			);
			runOnlyForDeploymentPostprocessing = 0;
			shellPath = /bin/sh;
			shellScript = "diff \"${PODS_PODFILE_DIR_PATH}/Podfile.lock\" \"${PODS_ROOT}/Manifest.lock\" > /dev/null\nif [ $? != 0 ] ; then\n    # print error to STDERR\n    echo \"error: The sandbox is not in sync with the Podfile.lock. Run 'pod install' or update your CocoaPods installation.\" >&2\n    exit 1\nfi\n# This output is used by Xcode 'outputs' to avoid re-running this script phase.\necho \"SUCCESS\" > \"${SCRIPT_OUTPUT_FILE_0}\"\n";
			showEnvVarsInLog = 0;
		};
/* End PBXShellScriptBuildPhase section */

/* Begin PBXSourcesBuildPhase section */
		7966DA75294CAC79004DA0D3 /* Sources */ = {
			isa = PBXSourcesBuildPhase;
			buildActionMask = 2147483647;
			files = (
				7966DABA294CC3F2004DA0D3 /* UserDetailViewController.swift in Sources */,
				7966DA98294CB0C9004DA0D3 /* UserListTableViewCell.swift in Sources */,
				7966DAAB294CC11B004DA0D3 /* CoreDataManager.swift in Sources */,
				7966DAB8294CC3C1004DA0D3 /* UIView+Extension.swift in Sources */,
				7966DAB5294CC3A0004DA0D3 /* HTTPRouter.swift in Sources */,
				7966DA9C294CB392004DA0D3 /* UserDetailTableViewCell.swift in Sources */,
				7966DAA4294CBA14004DA0D3 /* UserRequestModel.swift in Sources */,
				7966DA81294CAC79004DA0D3 /* UserListViewController.swift in Sources */,
				7966DA87294CAC79004DA0D3 /* UserAppdemo.xcdatamodeld in Sources */,
				7966DAA8294CBFC6004DA0D3 /* Constants.swift in Sources */,
				7966DAA0294CB51A004DA0D3 /* UserProfilePicTableViewCell.swift in Sources */,
				7966DA7D294CAC79004DA0D3 /* AppDelegate.swift in Sources */,
				7966DAA6294CBADB004DA0D3 /* UserModel.swift in Sources */,
				7966DAB3294CC38B004DA0D3 /* NetworkManager.swift in Sources */,
				7966DAAD294CC2EF004DA0D3 /* ViewModel.swift in Sources */,
				7966DA7F294CAC79004DA0D3 /* SceneDelegate.swift in Sources */,
				7966DAAF294CC30A004DA0D3 /* UserDetailViewModel.swift in Sources */,
			);
			runOnlyForDeploymentPostprocessing = 0;
		};
/* End PBXSourcesBuildPhase section */

/* Begin PBXVariantGroup section */
		7966DA82294CAC79004DA0D3 /* Main.storyboard */ = {
			isa = PBXVariantGroup;
			children = (
				7966DA83294CAC79004DA0D3 /* Base */,
			);
			name = Main.storyboard;
			sourceTree = "<group>";
		};
		7966DA8A294CAC7A004DA0D3 /* LaunchScreen.storyboard */ = {
			isa = PBXVariantGroup;
			children = (
				7966DA8B294CAC7A004DA0D3 /* Base */,
			);
			name = LaunchScreen.storyboard;
			sourceTree = "<group>";
		};
/* End PBXVariantGroup section */

/* Begin XCBuildConfiguration section */
		7966DA8E294CAC7A004DA0D3 /* Debug */ = {
			isa = XCBuildConfiguration;
			buildSettings = {
				ALWAYS_SEARCH_USER_PATHS = NO;
				CLANG_ANALYZER_NONNULL = YES;
				CLANG_ANALYZER_NUMBER_OBJECT_CONVERSION = YES_AGGRESSIVE;
				CLANG_CXX_LANGUAGE_STANDARD = "gnu++17";
				CLANG_CXX_LIBRARY = "libc++";
				CLANG_ENABLE_MODULES = YES;
				CLANG_ENABLE_OBJC_ARC = YES;
				CLANG_ENABLE_OBJC_WEAK = YES;
				CLANG_WARN_BLOCK_CAPTURE_AUTORELEASING = YES;
				CLANG_WARN_BOOL_CONVERSION = YES;
				CLANG_WARN_COMMA = YES;
				CLANG_WARN_CONSTANT_CONVERSION = YES;
				CLANG_WARN_DEPRECATED_OBJC_IMPLEMENTATIONS = YES;
				CLANG_WARN_DIRECT_OBJC_ISA_USAGE = YES_ERROR;
				CLANG_WARN_DOCUMENTATION_COMMENTS = YES;
				CLANG_WARN_EMPTY_BODY = YES;
				CLANG_WARN_ENUM_CONVERSION = YES;
				CLANG_WARN_INFINITE_RECURSION = YES;
				CLANG_WARN_INT_CONVERSION = YES;
				CLANG_WARN_NON_LITERAL_NULL_CONVERSION = YES;
				CLANG_WARN_OBJC_IMPLICIT_RETAIN_SELF = YES;
				CLANG_WARN_OBJC_LITERAL_CONVERSION = YES;
				CLANG_WARN_OBJC_ROOT_CLASS = YES_ERROR;
				CLANG_WARN_QUOTED_INCLUDE_IN_FRAMEWORK_HEADER = YES;
				CLANG_WARN_RANGE_LOOP_ANALYSIS = YES;
				CLANG_WARN_STRICT_PROTOTYPES = YES;
				CLANG_WARN_SUSPICIOUS_MOVE = YES;
				CLANG_WARN_UNGUARDED_AVAILABILITY = YES_AGGRESSIVE;
				CLANG_WARN_UNREACHABLE_CODE = YES;
				CLANG_WARN__DUPLICATE_METHOD_MATCH = YES;
				COPY_PHASE_STRIP = NO;
				DEBUG_INFORMATION_FORMAT = dwarf;
				ENABLE_STRICT_OBJC_MSGSEND = YES;
				ENABLE_TESTABILITY = YES;
				GCC_C_LANGUAGE_STANDARD = gnu11;
				GCC_DYNAMIC_NO_PIC = NO;
				GCC_NO_COMMON_BLOCKS = YES;
				GCC_OPTIMIZATION_LEVEL = 0;
				GCC_PREPROCESSOR_DEFINITIONS = (
					"DEBUG=1",
					"$(inherited)",
				);
				GCC_WARN_64_TO_32_BIT_CONVERSION = YES;
				GCC_WARN_ABOUT_RETURN_TYPE = YES_ERROR;
				GCC_WARN_UNDECLARED_SELECTOR = YES;
				GCC_WARN_UNINITIALIZED_AUTOS = YES_AGGRESSIVE;
				GCC_WARN_UNUSED_FUNCTION = YES;
				GCC_WARN_UNUSED_VARIABLE = YES;
				IPHONEOS_DEPLOYMENT_TARGET = 15.0;
				MTL_ENABLE_DEBUG_INFO = INCLUDE_SOURCE;
				MTL_FAST_MATH = YES;
				ONLY_ACTIVE_ARCH = YES;
				SDKROOT = iphoneos;
				SWIFT_ACTIVE_COMPILATION_CONDITIONS = DEBUG;
				SWIFT_OPTIMIZATION_LEVEL = "-Onone";
			};
			name = Debug;
		};
		7966DA8F294CAC7A004DA0D3 /* Release */ = {
			isa = XCBuildConfiguration;
			buildSettings = {
				ALWAYS_SEARCH_USER_PATHS = NO;
				CLANG_ANALYZER_NONNULL = YES;
				CLANG_ANALYZER_NUMBER_OBJECT_CONVERSION = YES_AGGRESSIVE;
				CLANG_CXX_LANGUAGE_STANDARD = "gnu++17";
				CLANG_CXX_LIBRARY = "libc++";
				CLANG_ENABLE_MODULES = YES;
				CLANG_ENABLE_OBJC_ARC = YES;
				CLANG_ENABLE_OBJC_WEAK = YES;
				CLANG_WARN_BLOCK_CAPTURE_AUTORELEASING = YES;
				CLANG_WARN_BOOL_CONVERSION = YES;
				CLANG_WARN_COMMA = YES;
				CLANG_WARN_CONSTANT_CONVERSION = YES;
				CLANG_WARN_DEPRECATED_OBJC_IMPLEMENTATIONS = YES;
				CLANG_WARN_DIRECT_OBJC_ISA_USAGE = YES_ERROR;
				CLANG_WARN_DOCUMENTATION_COMMENTS = YES;
				CLANG_WARN_EMPTY_BODY = YES;
				CLANG_WARN_ENUM_CONVERSION = YES;
				CLANG_WARN_INFINITE_RECURSION = YES;
				CLANG_WARN_INT_CONVERSION = YES;
				CLANG_WARN_NON_LITERAL_NULL_CONVERSION = YES;
				CLANG_WARN_OBJC_IMPLICIT_RETAIN_SELF = YES;
				CLANG_WARN_OBJC_LITERAL_CONVERSION = YES;
				CLANG_WARN_OBJC_ROOT_CLASS = YES_ERROR;
				CLANG_WARN_QUOTED_INCLUDE_IN_FRAMEWORK_HEADER = YES;
				CLANG_WARN_RANGE_LOOP_ANALYSIS = YES;
				CLANG_WARN_STRICT_PROTOTYPES = YES;
				CLANG_WARN_SUSPICIOUS_MOVE = YES;
				CLANG_WARN_UNGUARDED_AVAILABILITY = YES_AGGRESSIVE;
				CLANG_WARN_UNREACHABLE_CODE = YES;
				CLANG_WARN__DUPLICATE_METHOD_MATCH = YES;
				COPY_PHASE_STRIP = NO;
				DEBUG_INFORMATION_FORMAT = "dwarf-with-dsym";
				ENABLE_NS_ASSERTIONS = NO;
				ENABLE_STRICT_OBJC_MSGSEND = YES;
				GCC_C_LANGUAGE_STANDARD = gnu11;
				GCC_NO_COMMON_BLOCKS = YES;
				GCC_WARN_64_TO_32_BIT_CONVERSION = YES;
				GCC_WARN_ABOUT_RETURN_TYPE = YES_ERROR;
				GCC_WARN_UNDECLARED_SELECTOR = YES;
				GCC_WARN_UNINITIALIZED_AUTOS = YES_AGGRESSIVE;
				GCC_WARN_UNUSED_FUNCTION = YES;
				GCC_WARN_UNUSED_VARIABLE = YES;
				IPHONEOS_DEPLOYMENT_TARGET = 15.0;
				MTL_ENABLE_DEBUG_INFO = NO;
				MTL_FAST_MATH = YES;
				SDKROOT = iphoneos;
				SWIFT_COMPILATION_MODE = wholemodule;
				SWIFT_OPTIMIZATION_LEVEL = "-O";
				VALIDATE_PRODUCT = YES;
			};
			name = Release;
		};
		7966DA91294CAC7A004DA0D3 /* Debug */ = {
			isa = XCBuildConfiguration;
			baseConfigurationReference = 7B64FC4F785BBC8983247D90 /* Pods-UserAppdemo.debug.xcconfig */;
			buildSettings = {
				ASSETCATALOG_COMPILER_APPICON_NAME = AppIcon;
				ASSETCATALOG_COMPILER_GLOBAL_ACCENT_COLOR_NAME = AccentColor;
				CODE_SIGN_STYLE = Automatic;
				CURRENT_PROJECT_VERSION = 1;
				GENERATE_INFOPLIST_FILE = YES;
				INFOPLIST_FILE = UserAppdemo/Info.plist;
				INFOPLIST_KEY_UIApplicationSupportsIndirectInputEvents = YES;
				INFOPLIST_KEY_UILaunchStoryboardName = LaunchScreen;
				INFOPLIST_KEY_UIMainStoryboardFile = Main;
				INFOPLIST_KEY_UISupportedInterfaceOrientations_iPad = "UIInterfaceOrientationPortrait UIInterfaceOrientationPortraitUpsideDown UIInterfaceOrientationLandscapeLeft UIInterfaceOrientationLandscapeRight";
				INFOPLIST_KEY_UISupportedInterfaceOrientations_iPhone = "UIInterfaceOrientationPortrait UIInterfaceOrientationLandscapeLeft UIInterfaceOrientationLandscapeRight";
				LD_RUNPATH_SEARCH_PATHS = (
					"$(inherited)",
					"@executable_path/Frameworks",
				);
				MARKETING_VERSION = 1.0;
				PRODUCT_BUNDLE_IDENTIFIER = com.userapp.UserAppdemo;
				PRODUCT_NAME = "$(TARGET_NAME)";
				SWIFT_EMIT_LOC_STRINGS = YES;
				SWIFT_VERSION = 5.0;
				TARGETED_DEVICE_FAMILY = "1,2";
			};
			name = Debug;
		};
		7966DA92294CAC7A004DA0D3 /* Release */ = {
			isa = XCBuildConfiguration;
			baseConfigurationReference = 9F07A13EB6AD7DCB626ED98B /* Pods-UserAppdemo.release.xcconfig */;
			buildSettings = {
				ASSETCATALOG_COMPILER_APPICON_NAME = AppIcon;
				ASSETCATALOG_COMPILER_GLOBAL_ACCENT_COLOR_NAME = AccentColor;
				CODE_SIGN_STYLE = Automatic;
				CURRENT_PROJECT_VERSION = 1;
				GENERATE_INFOPLIST_FILE = YES;
				INFOPLIST_FILE = UserAppdemo/Info.plist;
				INFOPLIST_KEY_UIApplicationSupportsIndirectInputEvents = YES;
				INFOPLIST_KEY_UILaunchStoryboardName = LaunchScreen;
				INFOPLIST_KEY_UIMainStoryboardFile = Main;
				INFOPLIST_KEY_UISupportedInterfaceOrientations_iPad = "UIInterfaceOrientationPortrait UIInterfaceOrientationPortraitUpsideDown UIInterfaceOrientationLandscapeLeft UIInterfaceOrientationLandscapeRight";
				INFOPLIST_KEY_UISupportedInterfaceOrientations_iPhone = "UIInterfaceOrientationPortrait UIInterfaceOrientationLandscapeLeft UIInterfaceOrientationLandscapeRight";
				LD_RUNPATH_SEARCH_PATHS = (
					"$(inherited)",
					"@executable_path/Frameworks",
				);
				MARKETING_VERSION = 1.0;
				PRODUCT_BUNDLE_IDENTIFIER = com.userapp.UserAppdemo;
				PRODUCT_NAME = "$(TARGET_NAME)";
				SWIFT_EMIT_LOC_STRINGS = YES;
				SWIFT_VERSION = 5.0;
				TARGETED_DEVICE_FAMILY = "1,2";
			};
			name = Release;
		};
/* End XCBuildConfiguration section */

/* Begin XCConfigurationList section */
		7966DA74294CAC78004DA0D3 /* Build configuration list for PBXProject "UserAppdemo" */ = {
			isa = XCConfigurationList;
			buildConfigurations = (
				7966DA8E294CAC7A004DA0D3 /* Debug */,
				7966DA8F294CAC7A004DA0D3 /* Release */,
			);
			defaultConfigurationIsVisible = 0;
			defaultConfigurationName = Release;
		};
		7966DA90294CAC7A004DA0D3 /* Build configuration list for PBXNativeTarget "UserAppdemo" */ = {
			isa = XCConfigurationList;
			buildConfigurations = (
				7966DA91294CAC7A004DA0D3 /* Debug */,
				7966DA92294CAC7A004DA0D3 /* Release */,
			);
			defaultConfigurationIsVisible = 0;
			defaultConfigurationName = Release;
		};
/* End XCConfigurationList section */

/* Begin XCVersionGroup section */
		7966DA85294CAC79004DA0D3 /* UserAppdemo.xcdatamodeld */ = {
			isa = XCVersionGroup;
			children = (
				7966DA86294CAC79004DA0D3 /* UserAppdemo.xcdatamodel */,
			);
			currentVersion = 7966DA86294CAC79004DA0D3 /* UserAppdemo.xcdatamodel */;
			path = UserAppdemo.xcdatamodeld;
			sourceTree = "<group>";
			versionGroupType = wrapper.xcdatamodel;
		};
/* End XCVersionGroup section */
	};
	rootObject = 7966DA71294CAC78004DA0D3 /* Project object */;
}
